
Microsoft Visual Studio Solution File, Format Version 12.00
# Visual Studio Version 17
VisualStudioVersion = 17.7.34024.191
MinimumVisualStudioVersion = 10.0.40219.1
Project("{9A19103F-16F7-4668-BE54-9A1E7A4F7556}") = "AvaloniaTabBindingProblem", "AvaloniaTabBindingProblem\AvaloniaTabBindingProblem.csproj", "{F20D7955-5693-46E6-9612-01DD01657A8D}"
EndProject
Project("{9A19103F-16F7-4668-BE54-9A1E7A4F7556}") = "AvaloniaTabBindingProblem.Desktop", "AvaloniaTabBindingProblem.Desktop\AvaloniaTabBindingProblem.Desktop.csproj", "{BD99C2D7-5CE0-4D55-A550-7E06A5E8A9DB}"
EndProject
Global
	GlobalSection(SolutionConfigurationPlatforms) = preSolution
		Debug|Any CPU = Debug|Any CPU
		Release|Any CPU = Release|Any CPU
	EndGlobalSection
	GlobalSection(ProjectConfigurationPlatforms) = postSolution
		{F20D7955-5693-46E6-9612-01DD01657A8D}.Debug|Any CPU.ActiveCfg = Debug|Any CPU
		{F20D7955-5693-46E6-9612-01DD01657A8D}.Debug|Any CPU.Build.0 = Debug|Any CPU
		{F20D7955-5693-46E6-9612-01DD01657A8D}.Release|Any CPU.ActiveCfg = Release|Any CPU
		{F20D7955-5693-46E6-9612-01DD01657A8D}.Release|Any CPU.Build.0 = Release|Any CPU
		{BD99C2D7-5CE0-4D55-A550-7E06A5E8A9DB}.Debug|Any CPU.ActiveCfg = Debug|Any CPU
		{BD99C2D7-5CE0-4D55-A550-7E06A5E8A9DB}.Debug|Any CPU.Build.0 = Debug|Any CPU
		{BD99C2D7-5CE0-4D55-A550-7E06A5E8A9DB}.Release|Any CPU.ActiveCfg = Release|Any CPU
		{BD99C2D7-5CE0-4D55-A550-7E06A5E8A9DB}.Release|Any CPU.Build.0 = Release|Any CPU
	EndGlobalSection
	GlobalSection(SolutionProperties) = preSolution
		HideSolutionNode = FALSE
	EndGlobalSection
	GlobalSection(ExtensibilityGlobals) = postSolution
		SolutionGuid = {C861FB96-1872-4B2F-8F7D-A0ACA35BDF00}
	EndGlobalSection
EndGlobal
